
Microsoft Visual Studio Solution File, Format Version 12.00
# Visual Studio Version 17
VisualStudioVersion = 17.3.32929.385
MinimumVisualStudioVersion = 10.0.40219.1
Project("{FAE04EC0-301F-11D3-BF4B-00C04F79EFBC}") = "SportsShopManagement", "SportsShopManagement.csproj", "{F977BF45-5B67-4ACF-AA8C-12785D181F8D}"
EndProject
Global
	GlobalSection(SolutionConfigurationPlatforms) = preSolution
		Debug|Any CPU = Debug|Any CPU
		Release|Any CPU = Release|Any CPU
	EndGlobalSection
	GlobalSection(ProjectConfigurationPlatforms) = postSolution
		{F977BF45-5B67-4ACF-AA8C-12785D181F8D}.Debug|Any CPU.ActiveCfg = Debug|Any CPU
		{F977BF45-5B67-4ACF-AA8C-12785D181F8D}.Debug|Any CPU.Build.0 = Debug|Any CPU
		{F977BF45-5B67-4ACF-AA8C-12785D181F8D}.Release|Any CPU.ActiveCfg = Release|Any CPU
		{F977BF45-5B67-4ACF-AA8C-12785D181F8D}.Release|Any CPU.Build.0 = Release|Any CPU
	EndGlobalSection
	GlobalSection(SolutionProperties) = preSolution
		HideSolutionNode = FALSE
	EndGlobalSection
	GlobalSection(ExtensibilityGlobals) = postSolution
		SolutionGuid = {0E641F78-07D9-4FEE-A280-DBB19EBF0238}
	EndGlobalSection
EndGlobal
